<Project xmlns="http://schemas.microsoft.com/developer/msbuild/2003">
    <PropertyGroup>
        <ProjectGuid>{DC57DB7F-6359-411F-A6AC-D4BBE95B9C78}</ProjectGuid>
        <ProjectVersion>18.1</ProjectVersion>
        <FrameworkType>None</FrameworkType>
        <MainSource>consoleApp.dpr</MainSource>
        <Base>True</Base>
        <Config Condition="'$(Config)'==''">Debug</Config>
        <Platform Condition="'$(Platform)'==''">Win32</Platform>
        <TargetedPlatforms>1</TargetedPlatforms>
        <AppType>Console</AppType>
    </PropertyGroup>
    <PropertyGroup Condition="'$(Config)'=='Base' or '$(Base)'!=''">
        <Base>true</Base>
    </PropertyGroup>
    <PropertyGroup Condition="('$(Platform)'=='Android' and '$(Base)'=='true') or '$(Base_Android)'!=''">
        <Base_Android>true</Base_Android>
        <CfgParent>Base</CfgParent>
        <Base>true</Base>
    </PropertyGroup>
    <PropertyGroup Condition="('$(Platform)'=='iOSDevice32' and '$(Base)'=='true') or '$(Base_iOSDevice32)'!=''">
        <Base_iOSDevice32>true</Base_iOSDevice32>
        <CfgParent>Base</CfgParent>
        <Base>true</Base>
    </PropertyGroup>
    <PropertyGroup Condition="('$(Platform)'=='iOSDevice64' and '$(Base)'=='true') or '$(Base_iOSDevice64)'!=''">
        <Base_iOSDevice64>true</Base_iOSDevice64>
        <CfgParent>Base</CfgParent>
        <Base>true</Base>
    </PropertyGroup>
    <PropertyGroup Condition="('$(Platform)'=='iOSSimulator' and '$(Base)'=='true') or '$(Base_iOSSimulator)'!=''">
        <Base_iOSSimulator>true</Base_iOSSimulator>
        <CfgParent>Base</CfgParent>
        <Base>true</Base>
    </PropertyGroup>
    <PropertyGroup Condition="('$(Platform)'=='OSX32' and '$(Base)'=='true') or '$(Base_OSX32)'!=''">
        <Base_OSX32>true</Base_OSX32>
        <CfgParent>Base</CfgParent>
        <Base>true</Base>
    </PropertyGroup>
    <PropertyGroup Condition="('$(Platform)'=='Win32' and '$(Base)'=='true') or '$(Base_Win32)'!=''">
        <Base_Win32>true</Base_Win32>
        <CfgParent>Base</CfgParent>
        <Base>true</Base>
    </PropertyGroup>
    <PropertyGroup Condition="('$(Platform)'=='Win64' and '$(Base)'=='true') or '$(Base_Win64)'!=''">
        <Base_Win64>true</Base_Win64>
        <CfgParent>Base</CfgParent>
        <Base>true</Base>
    </PropertyGroup>
    <PropertyGroup Condition="'$(Config)'=='Debug' or '$(Cfg_1)'!=''">
        <Cfg_1>true</Cfg_1>
        <CfgParent>Base</CfgParent>
        <Base>true</Base>
    </PropertyGroup>
    <PropertyGroup Condition="('$(Platform)'=='Win32' and '$(Cfg_1)'=='true') or '$(Cfg_1_Win32)'!=''">
        <Cfg_1_Win32>true</Cfg_1_Win32>
        <CfgParent>Cfg_1</CfgParent>
        <Cfg_1>true</Cfg_1>
        <Base>true</Base>
    </PropertyGroup>
    <PropertyGroup Condition="'$(Config)'=='Release' or '$(Cfg_2)'!=''">
        <Cfg_2>true</Cfg_2>
        <CfgParent>Base</CfgParent>
        <Base>true</Base>
    </PropertyGroup>
    <PropertyGroup Condition="'$(Base)'!=''">
        <DCC_Namespace>System;Xml;Data;Datasnap;Web;Soap;$(DCC_Namespace)</DCC_Namespace>
        <SanitizedProjectName>consoleApp</SanitizedProjectName>
        <DCC_DcuOutput>.\$(Platform)\$(Config)</DCC_DcuOutput>
        <DCC_ExeOutput>.\$(Platform)\$(Config)</DCC_ExeOutput>
        <DCC_E>false</DCC_E>
        <DCC_N>false</DCC_N>
        <DCC_S>false</DCC_S>
        <DCC_F>false</DCC_F>
        <DCC_K>false</DCC_K>
    </PropertyGroup>
    <PropertyGroup Condition="'$(Base_Android)'!=''">
        <EnabledSysJars>android-support-v4.dex.jar;cloud-messaging.dex.jar;fmx.dex.jar;google-analytics-v2.dex.jar;google-play-billing.dex.jar;google-play-licensing.dex.jar;google-play-services.dex.jar</EnabledSysJars>
        <Android_SplashImage960>$(BDS)\bin\Artwork\Android\FM_SplashImage_960x720.png</Android_SplashImage960>
        <Android_LauncherIcon36>$(BDS)\bin\Artwork\Android\FM_LauncherIcon_36x36.png</Android_LauncherIcon36>
        <Android_LauncherIcon144>$(BDS)\bin\Artwork\Android\FM_LauncherIcon_144x144.png</Android_LauncherIcon144>
        <DCC_UsePackage>DBXSqliteDriver;tethering;FireDACDBXDriver;RESTBackendComponents;bindengine;CloudService;DataSnapClient;bindcompdbx;IndyIPServer;IndySystem;fmxFireDAC;soaprtl;DbxCommonDriver;xmlrtl;soapmidas;DataSnapNativeClient;rtl;DbxClientDriver;IndyIPClient;DataSnapProviderClient;RESTComponents;DBXInterBaseDriver;emsclientfiredac;DataSnapFireDAC;bindcompfmx;FireDACIBDriver;fmx;dbexpress;IndyCore;dsnap;emsclient;DataSnapCommon;FireDACCommon;soapserver;FireDACCommonDriver;inet;IndyIPCommon;FireDAC;FireDACSqliteDriver;FireDACDSDriver;CustomIPTransport;bindcomp;dbxcds;dsnapxml;dbrtl;IndyProtocols;$(DCC_UsePackage)</DCC_UsePackage>
        <Android_LauncherIcon96>$(BDS)\bin\Artwork\Android\FM_LauncherIcon_96x96.png</Android_LauncherIcon96>
        <Android_LauncherIcon72>$(BDS)\bin\Artwork\Android\FM_LauncherIcon_72x72.png</Android_LauncherIcon72>
        <Android_SplashImage640>$(BDS)\bin\Artwork\Android\FM_SplashImage_640x480.png</Android_SplashImage640>
        <Android_SplashImage470>$(BDS)\bin\Artwork\Android\FM_SplashImage_470x320.png</Android_SplashImage470>
        <Android_SplashImage426>$(BDS)\bin\Artwork\Android\FM_SplashImage_426x320.png</Android_SplashImage426>
        <Android_LauncherIcon48>$(BDS)\bin\Artwork\Android\FM_LauncherIcon_48x48.png</Android_LauncherIcon48>
    </PropertyGroup>
    <PropertyGroup Condition="'$(Base_iOSDevice32)'!=''">
        <DCC_UsePackage>DBXSqliteDriver;tethering;FireDACDBXDriver;RESTBackendComponents;bindengine;CloudService;DataSnapClient;bindcompdbx;IndyIPServer;IndySystem;fmxFireDAC;soaprtl;DbxCommonDriver;xmlrtl;soapmidas;DataSnapNativeClient;rtl;DbxClientDriver;IndyIPClient;DataSnapProviderClient;RESTComponents;DBXInterBaseDriver;emsclientfiredac;DataSnapFireDAC;bindcompfmx;FireDACIBDriver;fmx;dbexpress;IndyCore;dsnap;emsclient;DataSnapCommon;FireDACCommon;soapserver;FireDACCommonDriver;inet;IndyIPCommon;FireDAC;FireDACSqliteDriver;FireDACDSDriver;CustomIPTransport;bindcomp;dbxcds;dsnapxml;dbrtl;IndyProtocols;fmxase;$(DCC_UsePackage)</DCC_UsePackage>
    </PropertyGroup>
    <PropertyGroup Condition="'$(Base_iOSDevice64)'!=''">
        <DCC_UsePackage>DBXSqliteDriver;tethering;FireDACDBXDriver;RESTBackendComponents;bindengine;CloudService;DataSnapClient;bindcompdbx;IndyIPServer;IndySystem;fmxFireDAC;soaprtl;DbxCommonDriver;xmlrtl;soapmidas;DataSnapNativeClient;rtl;DbxClientDriver;IndyIPClient;DataSnapProviderClient;RESTComponents;DBXInterBaseDriver;emsclientfiredac;DataSnapFireDAC;bindcompfmx;FireDACIBDriver;fmx;dbexpress;IndyCore;dsnap;emsclient;DataSnapCommon;FireDACCommon;soapserver;FireDACCommonDriver;inet;IndyIPCommon;FireDAC;FireDACSqliteDriver;FireDACDSDriver;ACBr_DFeComum;CustomIPTransport;bindcomp;ACBr_BlocoX;dbxcds;dsnapxml;dbrtl;IndyProtocols;fmxase;$(DCC_UsePackage)</DCC_UsePackage>
    </PropertyGroup>
    <PropertyGroup Condition="'$(Base_iOSSimulator)'!=''">
        <DCC_UsePackage>DBXSqliteDriver;tethering;FireDACDBXDriver;RESTBackendComponents;bindengine;CloudService;DataSnapClient;bindcompdbx;IndyIPServer;IndySystem;fmxFireDAC;soaprtl;DbxCommonDriver;xmlrtl;soapmidas;DataSnapNativeClient;rtl;DbxClientDriver;IndyIPClient;DataSnapProviderClient;RESTComponents;DBXInterBaseDriver;emsclientfiredac;DataSnapFireDAC;bindcompfmx;FireDACIBDriver;fmx;dbexpress;IndyCore;dsnap;emsclient;DataSnapCommon;FireDACCommon;soapserver;FireDACCommonDriver;inet;IndyIPCommon;FireDAC;FireDACSqliteDriver;FireDACDSDriver;CustomIPTransport;bindcomp;dbxcds;dsnapxml;dbrtl;IndyProtocols;fmxase;$(DCC_UsePackage)</DCC_UsePackage>
    </PropertyGroup>
    <PropertyGroup Condition="'$(Base_OSX32)'!=''">
        <DCC_ConsoleTarget>true</DCC_ConsoleTarget>
        <DCC_UsePackage>DBXSqliteDriver;tethering;FireDACMSSQLDriver;FireDACDBXDriver;RESTBackendComponents;bindengine;CloudService;FireDACMySQLDriver;DataSnapClient;bindcompdbx;IndyIPServer;IndySystem;fmxFireDAC;emshosting;FireDACTDataDriver;soaprtl;DbxCommonDriver;xmlrtl;soapmidas;DataSnapNativeClient;fmxobj;rtl;DbxClientDriver;DBXSybaseASADriver;IndyIPClient;FireDACODBCDriver;DataSnapIndy10ServerTransport;DataSnapProviderClient;FireDACMongoDBDriver;RESTComponents;DataSnapServerMidas;DBXInterBaseDriver;emsclientfiredac;DataSnapFireDAC;bindcompfmx;DBXOracleDriver;inetdb;emsedge;FireDACIBDriver;fmx;fmxdae;dbexpress;IndyCore;dsnap;emsclient;DataSnapCommon;FireDACCommon;soapserver;FireDACOracleDriver;DBXMySQLDriver;DBXFirebirdDriver;FireDACCommonODBC;FireDACCommonDriver;inet;IndyIPCommon;FireDAC;FireDACSqliteDriver;FireDACPgDriver;FireDACASADriver;DataSnapServer;FireDACDSDriver;CustomIPTransport;bindcomp;DBXInformixDriver;dbxcds;dsnapxml;dbrtl;IndyProtocols;inetdbxpress;fmxase;$(DCC_UsePackage)</DCC_UsePackage>
    </PropertyGroup>
    <PropertyGroup Condition="'$(Base_Win32)'!=''">
        <DCC_UsePackage>DBXSqliteDriver;dxSkinBlueprintRS24;DBXDb2Driver;dxPSdxGaugeControlLnkRS24;vclactnband;dxSpreadSheetRS24;vclFireDAC;dxDockingRS24;fs24;tethering;dxSkinVisualStudio2013BlueRS24;dxPScxTLLnkRS24;dxBarExtItemsRS24;FireDACADSDriver;dxFireDACServerModeRS24;JvPluginSystem;dxSkinOffice2007BlackRS24;FireDACMSSQLDriver;vcltouch;JvBands;ACBr_NFe;vcldb;svn;dxSkinXmas2008BlueRS24;dxSkinscxSchedulerPainterRS24;JvJans;ACBr_NFeDanfeESCPOS;dxSkinsdxBarPainterRS24;dxSkinOffice2010BlackRS24;dxADOServerModeRS24;JvDotNetCtrls;dxGDIPlusRS24;dxPSdxDBTVLnkRS24;frx24;dxSkinLilianRS24;frxDBX24;FireDACDBXDriver;dxNavBarRS24;vclx;cxTreeListRS24;dxSkinDevExpressDarkStyleRS24;dxtrmdRS24;RESTBackendComponents;dxRibbonRS24;VCLRESTComponents;cxExportRS24;cxPivotGridChartRS24;cxTreeListdxBarPopupMenuRS24;dxSkinOffice2013LightGrayRS24;dxTabbedMDIRS24;vclie;dxSkinVisualStudio2013LightRS24;bindengine;CloudService;JvHMI;FireDACMySQLDriver;ACBr_PAF;cxPivotGridOLAPRS24;ACBr_SATECFVirtual;fsDB24;dxSkinSharpRS24;dxSkinBlackRS24;DataSnapClient;frxcs24;dxPSLnksRS24;bindcompdbx;dxSkinCoffeeRS24;ACBr_TCP;IndyIPServer;DBXSybaseASEDriver;ACBr_CTe;dxSkinsdxRibbonPainterRS24;dxCoreRS24;IndySystem;dxSkinOffice2013DarkGrayRS24;dsnapcon;ACBr_synapse;FireDACMSAccDriver;fmxFireDAC;FireDACInfxDriver;vclimg;ACBr_SPEDImportar;Jcl;ACBr_SPED;ACBr_MDFe;emshosting;dxBarDBNavRS24;dxSkinDarkSideRS24;ACBr_LFD;dxSkinOffice2013WhiteRS24;DBXOdbcDriver;FireDACTDataDriver;dxPSdxLCLnkRS24;dxPScxExtCommonRS24;dxPScxPivotGridLnkRS24;soaprtl;DbxCommonDriver;JvManagedThreads;xmlrtl;soapmidas;DataSnapNativeClient;fmxobj;dxSkinMcSkinRS24;JvTimeFramework;rtl;dxLayoutControlRS24;DbxClientDriver;cxGridRS24;DBXSybaseASADriver;dxSkinBlueRS24;dxSpellCheckerRS24;JvSystem;cxLibraryRS24;dxSkinStardustRS24;JvStdCtrls;dxSkinCaramelRS24;ACBr_Convenio115;appanalytics;dxSkinsCoreRS24;dxMapControlRS24;IndyIPClient;dxSkinHighContrastRS24;bindcompvcl;dxSkinTheAsphaltWorldRS24;cxPageControlRS24;frxe24;dxPsPrVwAdvRS24;cxEditorsRS24;dxSkinSevenClassicRS24;JvDocking;VclSmp;cxSchedulerRibbonStyleEventEditorRS24;JvPascalInterpreter;FireDACODBCDriver;dxSkinPumpkinRS24;DataSnapIndy10ServerTransport;JclVcl;dxSkinscxPCPainterRS24;dxPSPrVwRibbonRS24;ACBr_Boleto;DataSnapProviderClient;ACBr_SEF2;FireDACMongoDBDriver;dxSkinSevenRS24;JvControls;JvPrintPreview;ACBr_NFSe;dxdborRS24;dxmdsRS24;cxSchedulerGridRS24;RESTComponents;dxHttpIndyRequestRS24;DataSnapServerMidas;cxPivotGridRS24;DBXInterBaseDriver;ACBr_TEFD;emsclientfiredac;DataSnapFireDAC;svnui;Componentes;JvGlobus;dxdbtrRS24;dxSkinMetropolisRS24;dxSkinMoneyTwinsRS24;dxPScxPCProdRS24;DBXMSSQLDriver;JvMM;DatasnapConnectorsFreePascal;dxWizardControlRS24;bindcompfmx;dxPSdxOCLnkRS24;dxBarExtDBItemsRS24;DBXOracleDriver;dxPSdxFCLnkRS24;JvNet;inetdb;cxSchedulerTreeBrowserRS24;dxSkinOffice2016ColorfulRS24;JvAppFrm;ACBr_Diversos;frxADO24;ACBr_TXTComum;emsedge;FireDACIBDriver;fmx;fmxdae;dxSkinSpringTimeRS24;dxSkinValentineRS24;dxSkinLondonLiquidSkyRS24;dxSkinWhiteprintRS24;JvWizards;ACBr_Ponto;dbexpress;IndyCore;dxSkiniMaginaryRS24;dxTileControlRS24;dxSkinOffice2016DarkRS24;dsnap;emsclient;DataSnapCommon;cxDataRS24;FireDACCommon;dxSkinOffice2007PinkRS24;dxPSdxSpreadSheetLnkRS24;JvDB;JvPageComps;ACBr_PCNComum;fsADO24;DataSnapConnectors;ACBR_DeSTDA;dxSkinDevExpressStyleRS24;soapserver;ACBr_SAT;JclDeveloperTools;dxBarRS24;dxSkinMetropolisDarkRS24;FireDACOracleDriver;DBXMySQLDriver;JvCmp;dxPSRichEditControlLnkRS24;DBXFirebirdDriver;dxPScxCommonRS24;ACBr_Sintegra;FireDACCommonODBC;FireDACCommonDriver;ACBr_GNRE;inet;IndyIPCommon;dxSkinVS2010RS24;JvCustom;vcl;dxSkinSharpPlusRS24;JvXPCtrls;dxPSdxDBOCLnkRS24;ACBr_SATExtratoESCPOS;FireDACDb2Driver;dxThemeRS24;dxSkinOffice2007GreenRS24;dxPScxGridLnkRS24;FireDAC;dxPScxVGridLnkRS24;JvCore;ACBr_Comum;nrcommd24;JvCrypt;FireDACSqliteDriver;FireDACPgDriver;dxSkinOffice2010BlueRS24;FireDACASADriver;dxServerModeRS24;JvDlgs;JvRuntimeDesign;DataSnapServer;cxSchedulerRS24;vclwinx;FireDACDSDriver;dxSkinsdxDLPainterRS24;dxPSCoreRS24;dxSkinOffice2007BlueRS24;ACBr_OpenSSL;ACBr_DFeComum;CustomIPTransport;vcldsnap;dxSkinGlassOceansRS24;dxRibbonCustomizationFormRS24;dxPScxSchedulerLnkRS24;dxSkinSummer2008RS24;dxSkinDarkRoomRS24;bindcomp;dxSkinFoggyRS24;ACBr_Serial;DBXInformixDriver;dxorgcRS24;PkgPessoa;dxSkinOffice2010SilverRS24;ACBr_BlocoX;dxRichEditControlRS24;dxSkinsdxNavBarPainterRS24;dbxcds;ACBr_NFCeECFVirtual;adortl;dxSkinSilverRS24;dxSkinVisualStudio2013DarkRS24;dxComnRS24;cxVerticalGridRS24;dxFlowChartRS24;frxDB24;dsnapxml;dbrtl;IndyProtocols;inetdbxpress;dxGaugeControlRS24;dxSkinOffice2007SilverRS24;dxSkinLiquidSkyRS24;JclContainers;ACBr_MTER;fmxase;$(DCC_UsePackage)</DCC_UsePackage>
        <DCC_ConsoleTarget>true</DCC_ConsoleTarget>
        <DCC_Namespace>Winapi;System.Win;Data.Win;Datasnap.Win;Web.Win;Soap.Win;Xml.Win;Bde;$(DCC_Namespace)</DCC_Namespace>
        <VerInfo_Keys>CompanyName=;FileDescription=;FileVersion=1.0.0.0;InternalName=;LegalCopyright=;LegalTrademarks=;OriginalFilename=;ProductName=;ProductVersion=1.0.0.0;Comments=</VerInfo_Keys>
        <VerInfo_Locale>1033</VerInfo_Locale>
    </PropertyGroup>
    <PropertyGroup Condition="'$(Base_Win64)'!=''">
        <DCC_ConsoleTarget>true</DCC_ConsoleTarget>
        <DCC_UsePackage>DBXSqliteDriver;dxSkinBlueprintRS24;DBXDb2Driver;dxPSdxGaugeControlLnkRS24;vclactnband;dxSpreadSheetRS24;vclFireDAC;dxDockingRS24;tethering;dxSkinVisualStudio2013BlueRS24;dxPScxTLLnkRS24;dxBarExtItemsRS24;FireDACADSDriver;dxFireDACServerModeRS24;dxSkinOffice2007BlackRS24;FireDACMSSQLDriver;vcltouch;vcldb;dxSkinXmas2008BlueRS24;dxSkinscxSchedulerPainterRS24;dxSkinsdxBarPainterRS24;dxSkinOffice2010BlackRS24;dxADOServerModeRS24;dxGDIPlusRS24;dxPSdxDBTVLnkRS24;dxSkinLilianRS24;FireDACDBXDriver;dxNavBarRS24;vclx;cxTreeListRS24;dxSkinDevExpressDarkStyleRS24;dxtrmdRS24;RESTBackendComponents;dxRibbonRS24;VCLRESTComponents;cxExportRS24;cxPivotGridChartRS24;cxTreeListdxBarPopupMenuRS24;dxSkinOffice2013LightGrayRS24;dxTabbedMDIRS24;vclie;dxSkinVisualStudio2013LightRS24;bindengine;CloudService;FireDACMySQLDriver;cxPivotGridOLAPRS24;dxSkinSharpRS24;dxSkinBlackRS24;DataSnapClient;dxPSLnksRS24;bindcompdbx;dxSkinCoffeeRS24;IndyIPServer;DBXSybaseASEDriver;dxSkinsdxRibbonPainterRS24;dxCoreRS24;IndySystem;dxSkinOffice2013DarkGrayRS24;dsnapcon;FireDACMSAccDriver;fmxFireDAC;FireDACInfxDriver;vclimg;emshosting;dxBarDBNavRS24;dxSkinDarkSideRS24;dxSkinOffice2013WhiteRS24;DBXOdbcDriver;FireDACTDataDriver;dxPSdxLCLnkRS24;dxPScxExtCommonRS24;dxPScxPivotGridLnkRS24;soaprtl;DbxCommonDriver;xmlrtl;soapmidas;DataSnapNativeClient;fmxobj;dxSkinMcSkinRS24;rtl;dxLayoutControlRS24;DbxClientDriver;cxGridRS24;DBXSybaseASADriver;dxSkinBlueRS24;dxSpellCheckerRS24;cxLibraryRS24;dxSkinStardustRS24;dxSkinCaramelRS24;appanalytics;dxSkinsCoreRS24;dxMapControlRS24;IndyIPClient;dxSkinHighContrastRS24;bindcompvcl;dxSkinTheAsphaltWorldRS24;cxPageControlRS24;dxPsPrVwAdvRS24;cxEditorsRS24;dxSkinSevenClassicRS24;VclSmp;cxSchedulerRibbonStyleEventEditorRS24;FireDACODBCDriver;dxSkinPumpkinRS24;DataSnapIndy10ServerTransport;dxSkinscxPCPainterRS24;dxPSPrVwRibbonRS24;DataSnapProviderClient;FireDACMongoDBDriver;dxSkinSevenRS24;dxdborRS24;dxmdsRS24;cxSchedulerGridRS24;RESTComponents;dxHttpIndyRequestRS24;DataSnapServerMidas;cxPivotGridRS24;DBXInterBaseDriver;emsclientfiredac;DataSnapFireDAC;dxdbtrRS24;dxSkinMetropolisRS24;dxSkinMoneyTwinsRS24;dxPScxPCProdRS24;DBXMSSQLDriver;DatasnapConnectorsFreePascal;dxWizardControlRS24;bindcompfmx;dxPSdxOCLnkRS24;dxBarExtDBItemsRS24;DBXOracleDriver;dxPSdxFCLnkRS24;inetdb;cxSchedulerTreeBrowserRS24;dxSkinOffice2016ColorfulRS24;emsedge;FireDACIBDriver;fmx;fmxdae;dxSkinSpringTimeRS24;dxSkinValentineRS24;dxSkinLondonLiquidSkyRS24;dxSkinWhiteprintRS24;dbexpress;IndyCore;dxSkiniMaginaryRS24;dxTileControlRS24;dxSkinOffice2016DarkRS24;dsnap;emsclient;DataSnapCommon;cxDataRS24;FireDACCommon;dxSkinOffice2007PinkRS24;dxPSdxSpreadSheetLnkRS24;DataSnapConnectors;dxSkinDevExpressStyleRS24;soapserver;dxBarRS24;dxSkinMetropolisDarkRS24;FireDACOracleDriver;DBXMySQLDriver;dxPSRichEditControlLnkRS24;DBXFirebirdDriver;dxPScxCommonRS24;FireDACCommonODBC;FireDACCommonDriver;inet;IndyIPCommon;dxSkinVS2010RS24;vcl;dxSkinSharpPlusRS24;dxPSdxDBOCLnkRS24;FireDACDb2Driver;dxThemeRS24;dxSkinOffice2007GreenRS24;dxPScxGridLnkRS24;FireDAC;dxPScxVGridLnkRS24;nrcommd24;FireDACSqliteDriver;FireDACPgDriver;dxSkinOffice2010BlueRS24;FireDACASADriver;dxServerModeRS24;DataSnapServer;cxSchedulerRS24;vclwinx;FireDACDSDriver;dxSkinsdxDLPainterRS24;dxPSCoreRS24;dxSkinOffice2007BlueRS24;CustomIPTransport;vcldsnap;dxSkinGlassOceansRS24;dxRibbonCustomizationFormRS24;dxPScxSchedulerLnkRS24;dxSkinSummer2008RS24;dxSkinDarkRoomRS24;bindcomp;dxSkinFoggyRS24;DBXInformixDriver;dxorgcRS24;dxSkinOffice2010SilverRS24;dxRichEditControlRS24;dxSkinsdxNavBarPainterRS24;dbxcds;adortl;dxSkinSilverRS24;dxSkinVisualStudio2013DarkRS24;dxComnRS24;cxVerticalGridRS24;dxFlowChartRS24;dsnapxml;dbrtl;IndyProtocols;inetdbxpress;dxGaugeControlRS24;dxSkinOffice2007SilverRS24;dxSkinLiquidSkyRS24;fmxase;$(DCC_UsePackage)</DCC_UsePackage>
    </PropertyGroup>
    <PropertyGroup Condition="'$(Cfg_1)'!=''">
        <DCC_Define>DEBUG;$(DCC_Define)</DCC_Define>
        <DCC_DebugDCUs>true</DCC_DebugDCUs>
        <DCC_Optimize>false</DCC_Optimize>
        <DCC_GenerateStackFrames>true</DCC_GenerateStackFrames>
        <DCC_DebugInfoInExe>true</DCC_DebugInfoInExe>
        <DCC_RemoteDebug>true</DCC_RemoteDebug>
    </PropertyGroup>
    <PropertyGroup Condition="'$(Cfg_1_Win32)'!=''">
        <DCC_RemoteDebug>false</DCC_RemoteDebug>
    </PropertyGroup>
    <PropertyGroup Condition="'$(Cfg_2)'!=''">
        <DCC_LocalDebugSymbols>false</DCC_LocalDebugSymbols>
        <DCC_Define>RELEASE;$(DCC_Define)</DCC_Define>
        <DCC_SymbolReferenceInfo>0</DCC_SymbolReferenceInfo>
        <DCC_DebugInformation>0</DCC_DebugInformation>
    </PropertyGroup>
    <ItemGroup>
        <DelphiCompile Include="$(MainSource)">
            <MainSource>MainSource</MainSource>
        </DelphiCompile>
        <BuildConfiguration Include="Release">
            <Key>Cfg_2</Key>
            <CfgParent>Base</CfgParent>
        </BuildConfiguration>
        <BuildConfiguration Include="Base">
            <Key>Base</Key>
        </BuildConfiguration>
        <BuildConfiguration Include="Debug">
            <Key>Cfg_1</Key>
            <CfgParent>Base</CfgParent>
        </BuildConfiguration>
    </ItemGroup>
    <ProjectExtensions>
        <Borland.Personality>Delphi.Personality.12</Borland.Personality>
        <Borland.ProjectType>Application</Borland.ProjectType>
        <BorlandProject>
            <Delphi.Personality>
                <Source>
                    <Source Name="MainSource">consoleApp.dpr</Source>
                </Source>
            </Delphi.Personality>
            <Deployment Version="3"/>
            <Platforms>
                <Platform value="Android">False</Platform>
                <Platform value="iOSDevice32">False</Platform>
                <Platform value="iOSDevice64">False</Platform>
                <Platform value="iOSSimulator">False</Platform>
                <Platform value="OSX32">False</Platform>
                <Platform value="Win32">True</Platform>
                <Platform value="Win64">False</Platform>
            </Platforms>
        </BorlandProject>
        <ProjectFileVersion>12</ProjectFileVersion>
    </ProjectExtensions>
    <Import Project="$(BDS)\Bin\CodeGear.Delphi.Targets" Condition="Exists('$(BDS)\Bin\CodeGear.Delphi.Targets')"/>
    <Import Project="$(APPDATA)\Embarcadero\$(BDSAPPDATABASEDIR)\$(PRODUCTVERSION)\UserTools.proj" Condition="Exists('$(APPDATA)\Embarcadero\$(BDSAPPDATABASEDIR)\$(PRODUCTVERSION)\UserTools.proj')"/>
    <Import Project="$(MSBuildProjectName).deployproj" Condition="Exists('$(MSBuildProjectName).deployproj')"/>
</Project>
